// !$*UTF8*$!
{
	archiveVersion = 1;
	classes = {
	};
	objectVersion = 50;
	objects = {

/* Begin PBXBuildFile section */
		AB54AD840463CE3828C82C9D /* Pods_SwiftStore.framework in Frameworks */ = {isa = PBXBuildFile; fileRef = 7FF3E34E7E61A52A05AC60B2 /* Pods_SwiftStore.framework */; };
		CBAF3A7B2182E3460050EE39 /* AppDelegate.swift in Sources */ = {isa = PBXBuildFile; fileRef = CBAF3A7A2182E3460050EE39 /* AppDelegate.swift */; };
		CBAF3A7D2182E3460050EE39 /* ViewController.swift in Sources */ = {isa = PBXBuildFile; fileRef = CBAF3A7C2182E3460050EE39 /* ViewController.swift */; };
		CBAF3A802182E3460050EE39 /* Main.storyboard in Resources */ = {isa = PBXBuildFile; fileRef = CBAF3A7E2182E3460050EE39 /* Main.storyboard */; };
		CBAF3A832182E3460050EE39 /* SwiftStore.xcdatamodeld in Sources */ = {isa = PBXBuildFile; fileRef = CBAF3A812182E3460050EE39 /* SwiftStore.xcdatamodeld */; };
		CBAF3A852182E3480050EE39 /* Assets.xcassets in Resources */ = {isa = PBXBuildFile; fileRef = CBAF3A842182E3480050EE39 /* Assets.xcassets */; };
		CBAF3A882182E3480050EE39 /* LaunchScreen.storyboard in Resources */ = {isa = PBXBuildFile; fileRef = CBAF3A862182E3480050EE39 /* LaunchScreen.storyboard */; };
/* End PBXBuildFile section */

/* Begin PBXFileReference section */
		7FF3E34E7E61A52A05AC60B2 /* Pods_SwiftStore.framework */ = {isa = PBXFileReference; explicitFileType = wrapper.framework; includeInIndex = 0; path = Pods_SwiftStore.framework; sourceTree = BUILT_PRODUCTS_DIR; };
		8699DF22DACA84266245BBB8 /* Pods-SwiftStore.debug.xcconfig */ = {isa = PBXFileReference; includeInIndex = 1; lastKnownFileType = text.xcconfig; name = "Pods-SwiftStore.debug.xcconfig"; path = "Pods/Target Support Files/Pods-SwiftStore/Pods-SwiftStore.debug.xcconfig"; sourceTree = "<group>"; };
		CBAF3A772182E3460050EE39 /* SwiftStore.app */ = {isa = PBXFileReference; explicitFileType = wrapper.application; includeInIndex = 0; path = SwiftStore.app; sourceTree = BUILT_PRODUCTS_DIR; };
		CBAF3A7A2182E3460050EE39 /* AppDelegate.swift */ = {isa = PBXFileReference; lastKnownFileType = sourcecode.swift; path = AppDelegate.swift; sourceTree = "<group>"; };
		CBAF3A7C2182E3460050EE39 /* ViewController.swift */ = {isa = PBXFileReference; lastKnownFileType = sourcecode.swift; path = ViewController.swift; sourceTree = "<group>"; };
		CBAF3A7F2182E3460050EE39 /* Base */ = {isa = PBXFileReference; lastKnownFileType = file.storyboard; name = Base; path = Base.lproj/Main.storyboard; sourceTree = "<group>"; };
		CBAF3A822182E3460050EE39 /* SwiftStore.xcdatamodel */ = {isa = PBXFileReference; lastKnownFileType = wrapper.xcdatamodel; path = SwiftStore.xcdatamodel; sourceTree = "<group>"; };
		CBAF3A842182E3480050EE39 /* Assets.xcassets */ = {isa = PBXFileReference; lastKnownFileType = folder.assetcatalog; path = Assets.xcassets; sourceTree = "<group>"; };
		CBAF3A872182E3480050EE39 /* Base */ = {isa = PBXFileReference; lastKnownFileType = file.storyboard; name = Base; path = Base.lproj/LaunchScreen.storyboard; sourceTree = "<group>"; };
		CBAF3A892182E3480050EE39 /* Info.plist */ = {isa = PBXFileReference; lastKnownFileType = text.plist.xml; path = Info.plist; sourceTree = "<group>"; };
		EF8BC9502A0C6C0C01899A04 /* Pods-SwiftStore.release.xcconfig */ = {isa = PBXFileReference; includeInIndex = 1; lastKnownFileType = text.xcconfig; name = "Pods-SwiftStore.release.xcconfig"; path = "Pods/Target Support Files/Pods-SwiftStore/Pods-SwiftStore.release.xcconfig"; sourceTree = "<group>"; };
/* End PBXFileReference section */

/* Begin PBXFrameworksBuildPhase section */
		CBAF3A742182E3460050EE39 /* Frameworks */ = {
			isa = PBXFrameworksBuildPhase;
			buildActionMask = 2147483647;
			files = (
				AB54AD840463CE3828C82C9D /* Pods_SwiftStore.framework in Frameworks */,
			);
			runOnlyForDeploymentPostprocessing = 0;
		};
/* End PBXFrameworksBuildPhase section */

/* Begin PBXGroup section */
		576213D5A97EC917006DE04F /* Frameworks */ = {
			isa = PBXGroup;
			children = (
				7FF3E34E7E61A52A05AC60B2 /* Pods_SwiftStore.framework */,
			);
			name = Frameworks;
			sourceTree = "<group>";
		};
		ACEE3ACC63B6D98F0404B78C /* Pods */ = {
			isa = PBXGroup;
			children = (
				8699DF22DACA84266245BBB8 /* Pods-SwiftStore.debug.xcconfig */,
				EF8BC9502A0C6C0C01899A04 /* Pods-SwiftStore.release.xcconfig */,
			);
			name = Pods;
			sourceTree = "<group>";
		};
		CBAF3A6E2182E3460050EE39 = {
			isa = PBXGroup;
			children = (
				CBAF3A792182E3460050EE39 /* SwiftStore */,
				CBAF3A782182E3460050EE39 /* Products */,
				ACEE3ACC63B6D98F0404B78C /* Pods */,
				576213D5A97EC917006DE04F /* Frameworks */,
			);
			sourceTree = "<group>";
		};
		CBAF3A782182E3460050EE39 /* Products */ = {
			isa = PBXGroup;
			children = (
				CBAF3A772182E3460050EE39 /* SwiftStore.app */,
			);
			name = Products;
			sourceTree = "<group>";
		};
		CBAF3A792182E3460050EE39 /* SwiftStore */ = {
			isa = PBXGroup;
			children = (
				CBAF3A7A2182E3460050EE39 /* AppDelegate.swift */,
				CBAF3A7C2182E3460050EE39 /* ViewController.swift */,
				CBAF3A7E2182E3460050EE39 /* Main.storyboard */,
				CBAF3A842182E3480050EE39 /* Assets.xcassets */,
				CBAF3A862182E3480050EE39 /* LaunchScreen.storyboard */,
				CBAF3A892182E3480050EE39 /* Info.plist */,
				CBAF3A812182E3460050EE39 /* SwiftStore.xcdatamodeld */,
			);
			path = SwiftStore;
			sourceTree = "<group>";
		};
/* End PBXGroup section */

/* Begin PBXNativeTarget section */
		CBAF3A762182E3460050EE39 /* SwiftStore */ = {
			isa = PBXNativeTarget;
			buildConfigurationList = CBAF3A8C2182E3480050EE39 /* Build configuration list for PBXNativeTarget "SwiftStore" */;
			buildPhases = (
				6E40D149C48CE2379CE393F8 /* [CP] Check Pods Manifest.lock */,
				CBAF3A732182E3460050EE39 /* Sources */,
				CBAF3A742182E3460050EE39 /* Frameworks */,
				CBAF3A752182E3460050EE39 /* Resources */,
			);
			buildRules = (
			);
			dependencies = (
			);
			name = SwiftStore;
			productName = SwiftStore;
			productReference = CBAF3A772182E3460050EE39 /* SwiftStore.app */;
			productType = "com.apple.product-type.application";
		};
/* End PBXNativeTarget section */

/* Begin PBXProject section */
		CBAF3A6F2182E3460050EE39 /* Project object */ = {
			isa = PBXProject;
			attributes = {
				LastSwiftUpdateCheck = 1000;
				LastUpgradeCheck = 1000;
				ORGANIZATIONNAME = ajgksi1;
				TargetAttributes = {
					CBAF3A762182E3460050EE39 = {
						CreatedOnToolsVersion = 10.0;
					};
				};
			};
			buildConfigurationList = CBAF3A722182E3460050EE39 /* Build configuration list for PBXProject "SwiftStore" */;
			compatibilityVersion = "Xcode 9.3";
			developmentRegion = en;
			hasScannedForEncodings = 0;
			knownRegions = (
				en,
				Base,
			);
			mainGroup = CBAF3A6E2182E3460050EE39;
			productRefGroup = CBAF3A782182E3460050EE39 /* Products */;
			projectDirPath = "";
			projectRoot = "";
			targets = (
				CBAF3A762182E3460050EE39 /* SwiftStore */,
			);
		};
/* End PBXProject section */

/* Begin PBXResourcesBuildPhase section */
		CBAF3A752182E3460050EE39 /* Resources */ = {
			isa = PBXResourcesBuildPhase;
			buildActionMask = 2147483647;
			files = (
				CBAF3A882182E3480050EE39 /* LaunchScreen.storyboard in Resources */,
				CBAF3A852182E3480050EE39 /* Assets.xcassets in Resources */,
				CBAF3A802182E3460050EE39 /* Main.storyboard in Resources */,
			);
			runOnlyForDeploymentPostprocessing = 0;
		};
/* End PBXResourcesBuildPhase section */

/* Begin PBXShellScriptBuildPhase section */
		6E40D149C48CE2379CE393F8 /* [CP] Check Pods Manifest.lock */ = {
			isa = PBXShellScriptBuildPhase;
			buildActionMask = 2147483647;
			files = (
			);
			inputPaths = (
				"${PODS_PODFILE_DIR_PATH}/Podfile.lock",
				"${PODS_ROOT}/Manifest.lock",
			);
			name = "[CP] Check Pods Manifest.lock";
			outputPaths = (
				"$(DERIVED_FILE_DIR)/Pods-SwiftStore-checkManifestLockResult.txt",
			);
			runOnlyForDeploymentPostprocessing = 0;
			shellPath = /bin/sh;
			shellScript = "diff \"${PODS_PODFILE_DIR_PATH}/Podfile.lock\" \"${PODS_ROOT}/Manifest.lock\" > /dev/null\nif [ $? != 0 ] ; then\n    # print error to STDERR\n    echo \"error: The sandbox is not in sync with the Podfile.lock. Run 'pod install' or update your CocoaPods installation.\" >&2\n    exit 1\nfi\n# This output is used by Xcode 'outputs' to avoid re-running this script phase.\necho \"SUCCESS\" > \"${SCRIPT_OUTPUT_FILE_0}\"\n";
			showEnvVarsInLog = 0;
		};
/* End PBXShellScriptBuildPhase section */

/* Begin PBXSourcesBuildPhase section */
		CBAF3A732182E3460050EE39 /* Sources */ = {
			isa = PBXSourcesBuildPhase;
			buildActionMask = 2147483647;
			files = (
				CBAF3A7D2182E3460050EE39 /* ViewController.swift in Sources */,
				CBAF3A832182E3460050EE39 /* SwiftStore.xcdatamodeld in Sources */,
				CBAF3A7B2182E3460050EE39 /* AppDelegate.swift in Sources */,
			);
			runOnlyForDeploymentPostprocessing = 0;
		};
/* End PBXSourcesBuildPhase section */

/* Begin PBXVariantGroup section */
		CBAF3A7E2182E3460050EE39 /* Main.storyboard */ = {
			isa = PBXVariantGroup;
			children = (
				CBAF3A7F2182E3460050EE39 /* Base */,
			);
			name = Main.storyboard;
			sourceTree = "<group>";
		};
		CBAF3A862182E3480050EE39 /* LaunchScreen.storyboard */ = {
			isa = PBXVariantGroup;
			children = (
				CBAF3A872182E3480050EE39 /* Base */,
			);
			name = LaunchScreen.storyboard;
			sourceTree = "<group>";
		};
/* End PBXVariantGroup section */

/* Begin XCBuildConfiguration section */
		CBAF3A8A2182E3480050EE39 /* Debug */ = {
			isa = XCBuildConfiguration;
			buildSettings = {
				ALWAYS_SEARCH_USER_PATHS = NO;
				CLANG_ANALYZER_NONNULL = YES;
				CLANG_ANALYZER_NUMBER_OBJECT_CONVERSION = YES_AGGRESSIVE;
				CLANG_CXX_LANGUAGE_STANDARD = "gnu++14";
				CLANG_CXX_LIBRARY = "libc++";
				CLANG_ENABLE_MODULES = YES;
				CLANG_ENABLE_OBJC_ARC = YES;
				CLANG_ENABLE_OBJC_WEAK = YES;
				CLANG_WARN_BLOCK_CAPTURE_AUTORELEASING = YES;
				CLANG_WARN_BOOL_CONVERSION = YES;
				CLANG_WARN_COMMA = YES;
				CLANG_WARN_CONSTANT_CONVERSION = YES;
				CLANG_WARN_DEPRECATED_OBJC_IMPLEMENTATIONS = YES;
				CLANG_WARN_DIRECT_OBJC_ISA_USAGE = YES_ERROR;
				CLANG_WARN_DOCUMENTATION_COMMENTS = YES;
				CLANG_WARN_EMPTY_BODY = YES;
				CLANG_WARN_ENUM_CONVERSION = YES;
				CLANG_WARN_INFINITE_RECURSION = YES;
				CLANG_WARN_INT_CONVERSION = YES;
				CLANG_WARN_NON_LITERAL_NULL_CONVERSION = YES;
				CLANG_WARN_OBJC_IMPLICIT_RETAIN_SELF = YES;
				CLANG_WARN_OBJC_LITERAL_CONVERSION = YES;
				CLANG_WARN_OBJC_ROOT_CLASS = YES_ERROR;
				CLANG_WARN_RANGE_LOOP_ANALYSIS = YES;
				CLANG_WARN_STRICT_PROTOTYPES = YES;
				CLANG_WARN_SUSPICIOUS_MOVE = YES;
				CLANG_WARN_UNGUARDED_AVAILABILITY = YES_AGGRESSIVE;
				CLANG_WARN_UNREACHABLE_CODE = YES;
				CLANG_WARN__DUPLICATE_METHOD_MATCH = YES;
				CODE_SIGN_IDENTITY = "iPhone Developer";
				COPY_PHASE_STRIP = NO;
				DEBUG_INFORMATION_FORMAT = dwarf;
				ENABLE_STRICT_OBJC_MSGSEND = YES;
				ENABLE_TESTABILITY = YES;
				GCC_C_LANGUAGE_STANDARD = gnu11;
				GCC_DYNAMIC_NO_PIC = NO;
				GCC_NO_COMMON_BLOCKS = YES;
				GCC_OPTIMIZATION_LEVEL = 0;
				GCC_PREPROCESSOR_DEFINITIONS = (
					"DEBUG=1",
					"$(inherited)",
				);
				GCC_WARN_64_TO_32_BIT_CONVERSION = YES;
				GCC_WARN_ABOUT_RETURN_TYPE = YES_ERROR;
				GCC_WARN_UNDECLARED_SELECTOR = YES;
				GCC_WARN_UNINITIALIZED_AUTOS = YES_AGGRESSIVE;
				GCC_WARN_UNUSED_FUNCTION = YES;
				GCC_WARN_UNUSED_VARIABLE = YES;
				IPHONEOS_DEPLOYMENT_TARGET = 12.0;
				MTL_ENABLE_DEBUG_INFO = INCLUDE_SOURCE;
				MTL_FAST_MATH = YES;
				ONLY_ACTIVE_ARCH = YES;
				SDKROOT = iphoneos;
				SWIFT_ACTIVE_COMPILATION_CONDITIONS = DEBUG;
				SWIFT_OPTIMIZATION_LEVEL = "-Onone";
			};
			name = Debug;
		};
		CBAF3A8B2182E3480050EE39 /* Release */ = {
			isa = XCBuildConfiguration;
			buildSettings = {
				ALWAYS_SEARCH_USER_PATHS = NO;
				CLANG_ANALYZER_NONNULL = YES;
				CLANG_ANALYZER_NUMBER_OBJECT_CONVERSION = YES_AGGRESSIVE;
				CLANG_CXX_LANGUAGE_STANDARD = "gnu++14";
				CLANG_CXX_LIBRARY = "libc++";
				CLANG_ENABLE_MODULES = YES;
				CLANG_ENABLE_OBJC_ARC = YES;
				CLANG_ENABLE_OBJC_WEAK = YES;
				CLANG_WARN_BLOCK_CAPTURE_AUTORELEASING = YES;
				CLANG_WARN_BOOL_CONVERSION = YES;
				CLANG_WARN_COMMA = YES;
				CLANG_WARN_CONSTANT_CONVERSION = YES;
				CLANG_WARN_DEPRECATED_OBJC_IMPLEMENTATIONS = YES;
				CLANG_WARN_DIRECT_OBJC_ISA_USAGE = YES_ERROR;
				CLANG_WARN_DOCUMENTATION_COMMENTS = YES;
				CLANG_WARN_EMPTY_BODY = YES;
				CLANG_WARN_ENUM_CONVERSION = YES;
				CLANG_WARN_INFINITE_RECURSION = YES;
				CLANG_WARN_INT_CONVERSION = YES;
				CLANG_WARN_NON_LITERAL_NULL_CONVERSION = YES;
				CLANG_WARN_OBJC_IMPLICIT_RETAIN_SELF = YES;
				CLANG_WARN_OBJC_LITERAL_CONVERSION = YES;
				CLANG_WARN_OBJC_ROOT_CLASS = YES_ERROR;
				CLANG_WARN_RANGE_LOOP_ANALYSIS = YES;
				CLANG_WARN_STRICT_PROTOTYPES = YES;
				CLANG_WARN_SUSPICIOUS_MOVE = YES;
				CLANG_WARN_UNGUARDED_AVAILABILITY = YES_AGGRESSIVE;
				CLANG_WARN_UNREACHABLE_CODE = YES;
				CLANG_WARN__DUPLICATE_METHOD_MATCH = YES;
				CODE_SIGN_IDENTITY = "iPhone Developer";
				COPY_PHASE_STRIP = NO;
				DEBUG_INFORMATION_FORMAT = "dwarf-with-dsym";
				ENABLE_NS_ASSERTIONS = NO;
				ENABLE_STRICT_OBJC_MSGSEND = YES;
				GCC_C_LANGUAGE_STANDARD = gnu11;
				GCC_NO_COMMON_BLOCKS = YES;
				GCC_WARN_64_TO_32_BIT_CONVERSION = YES;
				GCC_WARN_ABOUT_RETURN_TYPE = YES_ERROR;
				GCC_WARN_UNDECLARED_SELECTOR = YES;
				GCC_WARN_UNINITIALIZED_AUTOS = YES_AGGRESSIVE;
				GCC_WARN_UNUSED_FUNCTION = YES;
				GCC_WARN_UNUSED_VARIABLE = YES;
				IPHONEOS_DEPLOYMENT_TARGET = 12.0;
				MTL_ENABLE_DEBUG_INFO = NO;
				MTL_FAST_MATH = YES;
				SDKROOT = iphoneos;
				SWIFT_COMPILATION_MODE = wholemodule;
				SWIFT_OPTIMIZATION_LEVEL = "-O";
				VALIDATE_PRODUCT = YES;
			};
			name = Release;
		};
		CBAF3A8D2182E3480050EE39 /* Debug */ = {
			isa = XCBuildConfiguration;
			baseConfigurationReference = 8699DF22DACA84266245BBB8 /* Pods-SwiftStore.debug.xcconfig */;
			buildSettings = {
				ASSETCATALOG_COMPILER_APPICON_NAME = AppIcon;
				CODE_SIGN_STYLE = Automatic;
				DEVELOPMENT_TEAM = H44R5479N7;
				INFOPLIST_FILE = SwiftStore/Info.plist;
				LD_RUNPATH_SEARCH_PATHS = (
					"$(inherited)",
					"@executable_path/Frameworks",
				);
				PRODUCT_BUNDLE_IDENTIFIER = ajgksi1.SwiftStore;
				PRODUCT_NAME = "$(TARGET_NAME)";
				SWIFT_VERSION = 4.2;
				TARGETED_DEVICE_FAMILY = "1,2";
			};
			name = Debug;
		};
		CBAF3A8E2182E3480050EE39 /* Release */ = {
			isa = XCBuildConfiguration;
			baseConfigurationReference = EF8BC9502A0C6C0C01899A04 /* Pods-SwiftStore.release.xcconfig */;
			buildSettings = {
				ASSETCATALOG_COMPILER_APPICON_NAME = AppIcon;
				CODE_SIGN_STYLE = Automatic;
				DEVELOPMENT_TEAM = H44R5479N7;
				INFOPLIST_FILE = SwiftStore/Info.plist;
				LD_RUNPATH_SEARCH_PATHS = (
					"$(inherited)",
					"@executable_path/Frameworks",
				);
				PRODUCT_BUNDLE_IDENTIFIER = ajgksi1.SwiftStore;
				PRODUCT_NAME = "$(TARGET_NAME)";
				SWIFT_VERSION = 4.2;
				TARGETED_DEVICE_FAMILY = "1,2";
			};
			name = Release;
		};
/* End XCBuildConfiguration section */

/* Begin XCConfigurationList section */
		CBAF3A722182E3460050EE39 /* Build configuration list for PBXProject "SwiftStore" */ = {
			isa = XCConfigurationList;
			buildConfigurations = (
				CBAF3A8A2182E3480050EE39 /* Debug */,
				CBAF3A8B2182E3480050EE39 /* Release */,
			);
			defaultConfigurationIsVisible = 0;
			defaultConfigurationName = Release;
		};
		CBAF3A8C2182E3480050EE39 /* Build configuration list for PBXNativeTarget "SwiftStore" */ = {
			isa = XCConfigurationList;
			buildConfigurations = (
				CBAF3A8D2182E3480050EE39 /* Debug */,
				CBAF3A8E2182E3480050EE39 /* Release */,
			);
			defaultConfigurationIsVisible = 0;
			defaultConfigurationName = Release;
		};
/* End XCConfigurationList section */

/* Begin XCVersionGroup section */
		CBAF3A812182E3460050EE39 /* SwiftStore.xcdatamodeld */ = {
			isa = XCVersionGroup;
			children = (
				CBAF3A822182E3460050EE39 /* SwiftStore.xcdatamodel */,
			);
			currentVersion = CBAF3A822182E3460050EE39 /* SwiftStore.xcdatamodel */;
			path = SwiftStore.xcdatamodeld;
			sourceTree = "<group>";
			versionGroupType = wrapper.xcdatamodel;
		};
/* End XCVersionGroup section */
	};
	rootObject = CBAF3A6F2182E3460050EE39 /* Project object */;
}
